
Microsoft Visual Studio Solution File, Format Version 12.00
# Visual Studio Version 17
VisualStudioVersion = 17.4.33110.190
MinimumVisualStudioVersion = 10.0.40219.1
Project("{FAE04EC0-301F-11D3-BF4B-00C04F79EFBC}") = "EXM_APP_AldasKevin.Android", "EXM_APP_AldasKevin\EXM_APP_AldasKevin.Android\EXM_APP_AldasKevin.Android.csproj", "{2DEE87FB-88F7-482D-B418-30F50949EF4C}"
EndProject
Project("{FAE04EC0-301F-11D3-BF4B-00C04F79EFBC}") = "EXM_APP_AldasKevin.iOS", "EXM_APP_AldasKevin\EXM_APP_AldasKevin.iOS\EXM_APP_AldasKevin.iOS.csproj", "{AC8BE2DC-1637-4D9C-8E2D-C95A1ED206E4}"
EndProject
Project("{FAE04EC0-301F-11D3-BF4B-00C04F79EFBC}") = "EXM_APP_AldasKevin", "EXM_APP_AldasKevin\EXM_APP_AldasKevin\EXM_APP_AldasKevin.csproj", "{4B118108-7D38-4871-8639-3ED5FC01035E}"
EndProject
Global
	GlobalSection(SolutionConfigurationPlatforms) = preSolution
		Debug|Any CPU = Debug|Any CPU
		Debug|iPhone = Debug|iPhone
		Debug|iPhoneSimulator = Debug|iPhoneSimulator
		Release|Any CPU = Release|Any CPU
		Release|iPhone = Release|iPhone
		Release|iPhoneSimulator = Release|iPhoneSimulator
	EndGlobalSection
	GlobalSection(ProjectConfigurationPlatforms) = postSolution
		{2DEE87FB-88F7-482D-B418-30F50949EF4C}.Debug|Any CPU.ActiveCfg = Debug|Any CPU
		{2DEE87FB-88F7-482D-B418-30F50949EF4C}.Debug|Any CPU.Build.0 = Debug|Any CPU
		{2DEE87FB-88F7-482D-B418-30F50949EF4C}.Debug|Any CPU.Deploy.0 = Debug|Any CPU
		{2DEE87FB-88F7-482D-B418-30F50949EF4C}.Debug|iPhone.ActiveCfg = Debug|Any CPU
		{2DEE87FB-88F7-482D-B418-30F50949EF4C}.Debug|iPhone.Build.0 = Debug|Any CPU
		{2DEE87FB-88F7-482D-B418-30F50949EF4C}.Debug|iPhone.Deploy.0 = Debug|Any CPU
		{2DEE87FB-88F7-482D-B418-30F50949EF4C}.Debug|iPhoneSimulator.ActiveCfg = Debug|Any CPU
		{2DEE87FB-88F7-482D-B418-30F50949EF4C}.Debug|iPhoneSimulator.Build.0 = Debug|Any CPU
		{2DEE87FB-88F7-482D-B418-30F50949EF4C}.Debug|iPhoneSimulator.Deploy.0 = Debug|Any CPU
		{2DEE87FB-88F7-482D-B418-30F50949EF4C}.Release|Any CPU.ActiveCfg = Release|Any CPU
		{2DEE87FB-88F7-482D-B418-30F50949EF4C}.Release|Any CPU.Build.0 = Release|Any CPU
		{2DEE87FB-88F7-482D-B418-30F50949EF4C}.Release|Any CPU.Deploy.0 = Release|Any CPU
		{2DEE87FB-88F7-482D-B418-30F50949EF4C}.Release|iPhone.ActiveCfg = Release|Any CPU
		{2DEE87FB-88F7-482D-B418-30F50949EF4C}.Release|iPhone.Build.0 = Release|Any CPU
		{2DEE87FB-88F7-482D-B418-30F50949EF4C}.Release|iPhone.Deploy.0 = Release|Any CPU
		{2DEE87FB-88F7-482D-B418-30F50949EF4C}.Release|iPhoneSimulator.ActiveCfg = Release|Any CPU
		{2DEE87FB-88F7-482D-B418-30F50949EF4C}.Release|iPhoneSimulator.Build.0 = Release|Any CPU
		{2DEE87FB-88F7-482D-B418-30F50949EF4C}.Release|iPhoneSimulator.Deploy.0 = Release|Any CPU
		{AC8BE2DC-1637-4D9C-8E2D-C95A1ED206E4}.Debug|Any CPU.ActiveCfg = Debug|iPhone
		{AC8BE2DC-1637-4D9C-8E2D-C95A1ED206E4}.Debug|Any CPU.Build.0 = Debug|iPhone
		{AC8BE2DC-1637-4D9C-8E2D-C95A1ED206E4}.Debug|Any CPU.Deploy.0 = Debug|iPhone
		{AC8BE2DC-1637-4D9C-8E2D-C95A1ED206E4}.Debug|iPhone.ActiveCfg = Debug|iPhone
		{AC8BE2DC-1637-4D9C-8E2D-C95A1ED206E4}.Debug|iPhone.Build.0 = Debug|iPhone
		{AC8BE2DC-1637-4D9C-8E2D-C95A1ED206E4}.Debug|iPhone.Deploy.0 = Debug|iPhone
		{AC8BE2DC-1637-4D9C-8E2D-C95A1ED206E4}.Debug|iPhoneSimulator.ActiveCfg = Debug|iPhoneSimulator
		{AC8BE2DC-1637-4D9C-8E2D-C95A1ED206E4}.Debug|iPhoneSimulator.Build.0 = Debug|iPhoneSimulator
		{AC8BE2DC-1637-4D9C-8E2D-C95A1ED206E4}.Debug|iPhoneSimulator.Deploy.0 = Debug|iPhoneSimulator
		{AC8BE2DC-1637-4D9C-8E2D-C95A1ED206E4}.Release|Any CPU.ActiveCfg = Release|iPhoneSimulator
		{AC8BE2DC-1637-4D9C-8E2D-C95A1ED206E4}.Release|Any CPU.Build.0 = Release|iPhoneSimulator
		{AC8BE2DC-1637-4D9C-8E2D-C95A1ED206E4}.Release|Any CPU.Deploy.0 = Release|iPhoneSimulator
		{AC8BE2DC-1637-4D9C-8E2D-C95A1ED206E4}.Release|iPhone.ActiveCfg = Release|iPhone
		{AC8BE2DC-1637-4D9C-8E2D-C95A1ED206E4}.Release|iPhone.Build.0 = Release|iPhone
		{AC8BE2DC-1637-4D9C-8E2D-C95A1ED206E4}.Release|iPhone.Deploy.0 = Release|iPhone
		{AC8BE2DC-1637-4D9C-8E2D-C95A1ED206E4}.Release|iPhoneSimulator.ActiveCfg = Release|iPhoneSimulator
		{AC8BE2DC-1637-4D9C-8E2D-C95A1ED206E4}.Release|iPhoneSimulator.Build.0 = Release|iPhoneSimulator
		{AC8BE2DC-1637-4D9C-8E2D-C95A1ED206E4}.Release|iPhoneSimulator.Deploy.0 = Release|iPhoneSimulator
		{4B118108-7D38-4871-8639-3ED5FC01035E}.Debug|Any CPU.ActiveCfg = Debug|Any CPU
		{4B118108-7D38-4871-8639-3ED5FC01035E}.Debug|Any CPU.Build.0 = Debug|Any CPU
		{4B118108-7D38-4871-8639-3ED5FC01035E}.Debug|Any CPU.Deploy.0 = Debug|Any CPU
		{4B118108-7D38-4871-8639-3ED5FC01035E}.Debug|iPhone.ActiveCfg = Debug|Any CPU
		{4B118108-7D38-4871-8639-3ED5FC01035E}.Debug|iPhone.Build.0 = Debug|Any CPU
		{4B118108-7D38-4871-8639-3ED5FC01035E}.Debug|iPhone.Deploy.0 = Debug|Any CPU
		{4B118108-7D38-4871-8639-3ED5FC01035E}.Debug|iPhoneSimulator.ActiveCfg = Debug|Any CPU
		{4B118108-7D38-4871-8639-3ED5FC01035E}.Debug|iPhoneSimulator.Build.0 = Debug|Any CPU
		{4B118108-7D38-4871-8639-3ED5FC01035E}.Debug|iPhoneSimulator.Deploy.0 = Debug|Any CPU
		{4B118108-7D38-4871-8639-3ED5FC01035E}.Release|Any CPU.ActiveCfg = Release|Any CPU
		{4B118108-7D38-4871-8639-3ED5FC01035E}.Release|Any CPU.Build.0 = Release|Any CPU
		{4B118108-7D38-4871-8639-3ED5FC01035E}.Release|Any CPU.Deploy.0 = Release|Any CPU
		{4B118108-7D38-4871-8639-3ED5FC01035E}.Release|iPhone.ActiveCfg = Release|Any CPU
		{4B118108-7D38-4871-8639-3ED5FC01035E}.Release|iPhone.Build.0 = Release|Any CPU
		{4B118108-7D38-4871-8639-3ED5FC01035E}.Release|iPhone.Deploy.0 = Release|Any CPU
		{4B118108-7D38-4871-8639-3ED5FC01035E}.Release|iPhoneSimulator.ActiveCfg = Release|Any CPU
		{4B118108-7D38-4871-8639-3ED5FC01035E}.Release|iPhoneSimulator.Build.0 = Release|Any CPU
		{4B118108-7D38-4871-8639-3ED5FC01035E}.Release|iPhoneSimulator.Deploy.0 = Release|Any CPU
	EndGlobalSection
	GlobalSection(SolutionProperties) = preSolution
		HideSolutionNode = FALSE
	EndGlobalSection
	GlobalSection(ExtensibilityGlobals) = postSolution
		SolutionGuid = {10AF22C1-A20B-4F5B-84D5-3291EED62C5B}
	EndGlobalSection
EndGlobal
